
Microsoft Visual Studio Solution File, Format Version 12.00
# Visual Studio Version 17
VisualStudioVersion = 17.9.34728.123
MinimumVisualStudioVersion = 10.0.40219.1
Project("{FAE04EC0-301F-11D3-BF4B-00C04F79EFBC}") = "BankingApp", "BankingApp\BankingApp.csproj", "{9B31656B-2BFD-4D5D-AC55-EDC2A44DBDBD}"
EndProject
Global
	GlobalSection(SolutionConfigurationPlatforms) = preSolution
		Debug|Any CPU = Debug|Any CPU
		Release|Any CPU = Release|Any CPU
	EndGlobalSection
	GlobalSection(ProjectConfigurationPlatforms) = postSolution
		{9B31656B-2BFD-4D5D-AC55-EDC2A44DBDBD}.Debug|Any CPU.ActiveCfg = Debug|Any CPU
		{9B31656B-2BFD-4D5D-AC55-EDC2A44DBDBD}.Debug|Any CPU.Build.0 = Debug|Any CPU
		{9B31656B-2BFD-4D5D-AC55-EDC2A44DBDBD}.Release|Any CPU.ActiveCfg = Release|Any CPU
		{9B31656B-2BFD-4D5D-AC55-EDC2A44DBDBD}.Release|Any CPU.Build.0 = Release|Any CPU
	EndGlobalSection
	GlobalSection(SolutionProperties) = preSolution
		HideSolutionNode = FALSE
	EndGlobalSection
	GlobalSection(ExtensibilityGlobals) = postSolution
		SolutionGuid = {C4D027C3-A7D0-4870-9F81-E4B140FDE1DC}
	EndGlobalSection
EndGlobal
