
Microsoft Visual Studio Solution File, Format Version 12.00
# Visual Studio Version 17
VisualStudioVersion = 17.9.34728.123
MinimumVisualStudioVersion = 10.0.40219.1
Project("{9A19103F-16F7-4668-BE54-9A1E7A4F7556}") = "StateManagementApp", "StateManagementApp\StateManagementApp.csproj", "{D2566F37-0370-46A6-93AC-C72050D95CF7}"
EndProject
Project("{9A19103F-16F7-4668-BE54-9A1E7A4F7556}") = "CookiesManagementApp", "CookiesManagementApp\CookiesManagementApp.csproj", "{F1E16528-B2DE-4B0D-B122-031C14E928A2}"
EndProject
Project("{9A19103F-16F7-4668-BE54-9A1E7A4F7556}") = "SessionManagement", "SessionMgmt\SessionManagement.csproj", "{2EB209DF-1228-4631-B4A5-BEC87659F1C5}"
EndProject
Global
	GlobalSection(SolutionConfigurationPlatforms) = preSolution
		Debug|Any CPU = Debug|Any CPU
		Release|Any CPU = Release|Any CPU
	EndGlobalSection
	GlobalSection(ProjectConfigurationPlatforms) = postSolution
		{D2566F37-0370-46A6-93AC-C72050D95CF7}.Debug|Any CPU.ActiveCfg = Debug|Any CPU
		{D2566F37-0370-46A6-93AC-C72050D95CF7}.Debug|Any CPU.Build.0 = Debug|Any CPU
		{D2566F37-0370-46A6-93AC-C72050D95CF7}.Release|Any CPU.ActiveCfg = Release|Any CPU
		{D2566F37-0370-46A6-93AC-C72050D95CF7}.Release|Any CPU.Build.0 = Release|Any CPU
		{F1E16528-B2DE-4B0D-B122-031C14E928A2}.Debug|Any CPU.ActiveCfg = Debug|Any CPU
		{F1E16528-B2DE-4B0D-B122-031C14E928A2}.Debug|Any CPU.Build.0 = Debug|Any CPU
		{F1E16528-B2DE-4B0D-B122-031C14E928A2}.Release|Any CPU.ActiveCfg = Release|Any CPU
		{F1E16528-B2DE-4B0D-B122-031C14E928A2}.Release|Any CPU.Build.0 = Release|Any CPU
		{2EB209DF-1228-4631-B4A5-BEC87659F1C5}.Debug|Any CPU.ActiveCfg = Debug|Any CPU
		{2EB209DF-1228-4631-B4A5-BEC87659F1C5}.Debug|Any CPU.Build.0 = Debug|Any CPU
		{2EB209DF-1228-4631-B4A5-BEC87659F1C5}.Release|Any CPU.ActiveCfg = Release|Any CPU
		{2EB209DF-1228-4631-B4A5-BEC87659F1C5}.Release|Any CPU.Build.0 = Release|Any CPU
	EndGlobalSection
	GlobalSection(SolutionProperties) = preSolution
		HideSolutionNode = FALSE
	EndGlobalSection
	GlobalSection(ExtensibilityGlobals) = postSolution
		SolutionGuid = {403A4750-8D6B-4FB8-828A-F74633E11631}
	EndGlobalSection
EndGlobal
